
Microsoft Visual Studio Solution File, Format Version 12.00
# Visual Studio 14
VisualStudioVersion = 14.0.25420.1
MinimumVisualStudioVersion = 10.0.40219.1
Project("{FAE04EC0-301F-11D3-BF4B-00C04F79EFBC}") = "FightClub_Lipnyagov", "FightClub_Lipnyagov\FightClub_Lipnyagov.csproj", "{215946B0-67A4-470F-BB18-7291E1C86211}"
EndProject
Global
	GlobalSection(SolutionConfigurationPlatforms) = preSolution
		Debug|Any CPU = Debug|Any CPU
		Release|Any CPU = Release|Any CPU
	EndGlobalSection
	GlobalSection(ProjectConfigurationPlatforms) = postSolution
		{215946B0-67A4-470F-BB18-7291E1C86211}.Debug|Any CPU.ActiveCfg = Debug|Any CPU
		{215946B0-67A4-470F-BB18-7291E1C86211}.Debug|Any CPU.Build.0 = Debug|Any CPU
		{215946B0-67A4-470F-BB18-7291E1C86211}.Release|Any CPU.ActiveCfg = Release|Any CPU
		{215946B0-67A4-470F-BB18-7291E1C86211}.Release|Any CPU.Build.0 = Release|Any CPU
	EndGlobalSection
	GlobalSection(SolutionProperties) = preSolution
		HideSolutionNode = FALSE
	EndGlobalSection
EndGlobal
