
Microsoft Visual Studio Solution File, Format Version 12.00
# Visual Studio 15
VisualStudioVersion = 15.0.27130.2036
MinimumVisualStudioVersion = 10.0.40219.1
Project("{FAE04EC0-301F-11D3-BF4B-00C04F79EFBC}") = "Task6", "Task6\Task6.csproj", "{8999B591-5E0F-4806-BA7C-E01C6C4AC4B5}"
EndProject
Global
	GlobalSection(SolutionConfigurationPlatforms) = preSolution
		Debug|Any CPU = Debug|Any CPU
		Release|Any CPU = Release|Any CPU
	EndGlobalSection
	GlobalSection(ProjectConfigurationPlatforms) = postSolution
		{8999B591-5E0F-4806-BA7C-E01C6C4AC4B5}.Debug|Any CPU.ActiveCfg = Debug|Any CPU
		{8999B591-5E0F-4806-BA7C-E01C6C4AC4B5}.Debug|Any CPU.Build.0 = Debug|Any CPU
		{8999B591-5E0F-4806-BA7C-E01C6C4AC4B5}.Release|Any CPU.ActiveCfg = Release|Any CPU
		{8999B591-5E0F-4806-BA7C-E01C6C4AC4B5}.Release|Any CPU.Build.0 = Release|Any CPU
	EndGlobalSection
	GlobalSection(SolutionProperties) = preSolution
		HideSolutionNode = FALSE
	EndGlobalSection
	GlobalSection(ExtensibilityGlobals) = postSolution
		SolutionGuid = {F3329BAF-9FA4-4C56-8C85-EF6C937615FB}
	EndGlobalSection
EndGlobal
