
Microsoft Visual Studio Solution File, Format Version 12.00
# Visual Studio 15
VisualStudioVersion = 15.0.27130.2036
MinimumVisualStudioVersion = 10.0.40219.1
Project("{FAE04EC0-301F-11D3-BF4B-00C04F79EFBC}") = "Task5", "Task5\Task5.csproj", "{CEF1E8FD-846B-4E79-AD9B-7D80AA31629E}"
EndProject
Global
	GlobalSection(SolutionConfigurationPlatforms) = preSolution
		Debug|Any CPU = Debug|Any CPU
		Release|Any CPU = Release|Any CPU
	EndGlobalSection
	GlobalSection(ProjectConfigurationPlatforms) = postSolution
		{CEF1E8FD-846B-4E79-AD9B-7D80AA31629E}.Debug|Any CPU.ActiveCfg = Debug|Any CPU
		{CEF1E8FD-846B-4E79-AD9B-7D80AA31629E}.Debug|Any CPU.Build.0 = Debug|Any CPU
		{CEF1E8FD-846B-4E79-AD9B-7D80AA31629E}.Release|Any CPU.ActiveCfg = Release|Any CPU
		{CEF1E8FD-846B-4E79-AD9B-7D80AA31629E}.Release|Any CPU.Build.0 = Release|Any CPU
	EndGlobalSection
	GlobalSection(SolutionProperties) = preSolution
		HideSolutionNode = FALSE
	EndGlobalSection
	GlobalSection(ExtensibilityGlobals) = postSolution
		SolutionGuid = {E229E42B-F14B-4AE7-B4C1-2138359E49B9}
	EndGlobalSection
EndGlobal
