
Microsoft Visual Studio Solution File, Format Version 12.00
# Visual Studio 14
VisualStudioVersion = 14.0.25420.1
MinimumVisualStudioVersion = 10.0.40219.1
Project("{FAE04EC0-301F-11D3-BF4B-00C04F79EFBC}") = "Delegats", "Delegats\Delegats.csproj", "{17EE0531-C2F4-4363-9116-AFEB2E9802F9}"
EndProject
Global
	GlobalSection(SolutionConfigurationPlatforms) = preSolution
		Debug|Any CPU = Debug|Any CPU
		Release|Any CPU = Release|Any CPU
	EndGlobalSection
	GlobalSection(ProjectConfigurationPlatforms) = postSolution
		{17EE0531-C2F4-4363-9116-AFEB2E9802F9}.Debug|Any CPU.ActiveCfg = Debug|Any CPU
		{17EE0531-C2F4-4363-9116-AFEB2E9802F9}.Debug|Any CPU.Build.0 = Debug|Any CPU
		{17EE0531-C2F4-4363-9116-AFEB2E9802F9}.Release|Any CPU.ActiveCfg = Release|Any CPU
		{17EE0531-C2F4-4363-9116-AFEB2E9802F9}.Release|Any CPU.Build.0 = Release|Any CPU
	EndGlobalSection
	GlobalSection(SolutionProperties) = preSolution
		HideSolutionNode = FALSE
	EndGlobalSection
EndGlobal
